// !$*UTF8*$!
{
	archiveVersion = 1;
	classes = {
	};
	objectVersion = 77;
	objects = {

/* Begin PBXBuildFile section */
		4C6F7A302E23DBBE00369085 /* Preview Assets.xcassets in Resources */ = {isa = PBXBuildFile; fileRef = 4C6F7A232E23DBBE00369085 /* Preview Assets.xcassets */; };
		4C6F7A312E23DBBE00369085 /* Assets.xcassets in Resources */ = {isa = PBXBuildFile; fileRef = 4C6F7A2C2E23DBBE00369085 /* Assets.xcassets */; };
		4C6F7A322E23DBBE00369085 /* ContentView.swift in Sources */ = {isa = PBXBuildFile; fileRef = 4C6F7A2D2E23DBBE00369085 /* ContentView.swift */; };
		4C6F7A332E23DBBE00369085 /* KonglishSampleAppApp.swift in Sources */ = {isa = PBXBuildFile; fileRef = 4C6F7A2E2E23DBBE00369085 /* KonglishSampleAppApp.swift */; };
		4C6F7A4B2E27D06F00369085 /* IntegrationTestView.swift in Sources */ = {isa = PBXBuildFile; fileRef = 4C6F7A4A2E27D06F00369085 /* IntegrationTestView.swift */; };
		4CEE14082E31E65B00E8EAF2 /* CardRotator.swift in Sources */ = {isa = PBXBuildFile; fileRef = 4CEE14042E31E65B00E8EAF2 /* CardRotator.swift */; };
		4CEE14092E31E65B00E8EAF2 /* CardDetector.swift in Sources */ = {isa = PBXBuildFile; fileRef = 4CEE14032E31E65B00E8EAF2 /* CardDetector.swift */; };
		4CEE140A2E31E65B00E8EAF2 /* CardEntity.swift in Sources */ = {isa = PBXBuildFile; fileRef = 4CEE14062E31E65B00E8EAF2 /* CardEntity.swift */; };
		4CEE14182E325A4A00E8EAF2 /* IntegrationARContainer.swift in Sources */ = {isa = PBXBuildFile; fileRef = 4CEE14172E325A4A00E8EAF2 /* IntegrationARContainer.swift */; };
		4CEE141A2E325C9500E8EAF2 /* NewTestView.swift in Sources */ = {isa = PBXBuildFile; fileRef = 4CEE14192E325C9500E8EAF2 /* NewTestView.swift */; };
		4CEE141C2E325DB000E8EAF2 /* Thonker.glb in Resources */ = {isa = PBXBuildFile; fileRef = 4CEE141B2E325DB000E8EAF2 /* Thonker.glb */; };
		4CEE141E2E32643800E8EAF2 /* ShootingARContainer.swift in Sources */ = {isa = PBXBuildFile; fileRef = 4CEE141D2E32643800E8EAF2 /* ShootingARContainer.swift */; };
		4CEE14202E3272A200E8EAF2 /* CombinedTestView.swift in Sources */ = {isa = PBXBuildFile; fileRef = 4CEE141F2E3272A200E8EAF2 /* CombinedTestView.swift */; };
		4CEE14262E328BC700E8EAF2 /* CombinedARContainer.swift in Sources */ = {isa = PBXBuildFile; fileRef = 4CEE14252E328BC700E8EAF2 /* CombinedARContainer.swift */; };
		4CEE142A2E328EE900E8EAF2 /* soccerball.usdz in Resources */ = {isa = PBXBuildFile; fileRef = 4CEE14292E328EE900E8EAF2 /* soccerball.usdz */; };
		4CEE142C2E329CE500E8EAF2 /* GameCard.swift in Sources */ = {isa = PBXBuildFile; fileRef = 4CEE142B2E329CE500E8EAF2 /* GameCard.swift */; };
		4CEE142E2E3632E200E8EAF2 /* PortalTestView.swift in Sources */ = {isa = PBXBuildFile; fileRef = 4CEE142D2E3632E200E8EAF2 /* PortalTestView.swift */; };
		4CEE14302E3632F400E8EAF2 /* PortalARContainer.swift in Sources */ = {isa = PBXBuildFile; fileRef = 4CEE142F2E3632F400E8EAF2 /* PortalARContainer.swift */; };
		4CEE143D2E3670A100E8EAF2 /* PortalWorld.usdz in Resources */ = {isa = PBXBuildFile; fileRef = 4CEE143C2E3670A100E8EAF2 /* PortalWorld.usdz */; };
		4CEE143E2E3670A100E8EAF2 /* Portal.usdz in Resources */ = {isa = PBXBuildFile; fileRef = 4CEE143B2E3670A100E8EAF2 /* Portal.usdz */; };
		4CEE14442E368A3600E8EAF2 /* skybox1.usdz in Resources */ = {isa = PBXBuildFile; fileRef = 4CEE14432E368A3600E8EAF2 /* skybox1.usdz */; };
/* End PBXBuildFile section */

/* Begin PBXFileReference section */
		4C6F79EC2E23C80B00369085 /* KonglishSampleApp.app */ = {isa = PBXFileReference; explicitFileType = wrapper.application; includeInIndex = 0; path = KonglishSampleApp.app; sourceTree = BUILT_PRODUCTS_DIR; };
		4C6F7A232E23DBBE00369085 /* Preview Assets.xcassets */ = {isa = PBXFileReference; lastKnownFileType = folder.assetcatalog; path = "Preview Assets.xcassets"; sourceTree = "<group>"; };
		4C6F7A2C2E23DBBE00369085 /* Assets.xcassets */ = {isa = PBXFileReference; lastKnownFileType = folder.assetcatalog; path = Assets.xcassets; sourceTree = "<group>"; };
		4C6F7A2D2E23DBBE00369085 /* ContentView.swift */ = {isa = PBXFileReference; lastKnownFileType = sourcecode.swift; path = ContentView.swift; sourceTree = "<group>"; };
		4C6F7A2E2E23DBBE00369085 /* KonglishSampleAppApp.swift */ = {isa = PBXFileReference; lastKnownFileType = sourcecode.swift; path = KonglishSampleAppApp.swift; sourceTree = "<group>"; };
		4C6F7A4A2E27D06F00369085 /* IntegrationTestView.swift */ = {isa = PBXFileReference; lastKnownFileType = sourcecode.swift; path = IntegrationTestView.swift; sourceTree = "<group>"; };
		4CEE14032E31E65B00E8EAF2 /* CardDetector.swift */ = {isa = PBXFileReference; lastKnownFileType = sourcecode.swift; path = CardDetector.swift; sourceTree = "<group>"; };
		4CEE14042E31E65B00E8EAF2 /* CardRotator.swift */ = {isa = PBXFileReference; lastKnownFileType = sourcecode.swift; path = CardRotator.swift; sourceTree = "<group>"; };
		4CEE14062E31E65B00E8EAF2 /* CardEntity.swift */ = {isa = PBXFileReference; lastKnownFileType = sourcecode.swift; path = CardEntity.swift; sourceTree = "<group>"; };
		4CEE14172E325A4A00E8EAF2 /* IntegrationARContainer.swift */ = {isa = PBXFileReference; lastKnownFileType = sourcecode.swift; path = IntegrationARContainer.swift; sourceTree = "<group>"; };
		4CEE14192E325C9500E8EAF2 /* NewTestView.swift */ = {isa = PBXFileReference; lastKnownFileType = sourcecode.swift; path = NewTestView.swift; sourceTree = "<group>"; };
		4CEE141B2E325DB000E8EAF2 /* Thonker.glb */ = {isa = PBXFileReference; lastKnownFileType = file; path = Thonker.glb; sourceTree = "<group>"; };
		4CEE141D2E32643800E8EAF2 /* ShootingARContainer.swift */ = {isa = PBXFileReference; lastKnownFileType = sourcecode.swift; path = ShootingARContainer.swift; sourceTree = "<group>"; };
		4CEE141F2E3272A200E8EAF2 /* CombinedTestView.swift */ = {isa = PBXFileReference; lastKnownFileType = sourcecode.swift; path = CombinedTestView.swift; sourceTree = "<group>"; };
		4CEE14252E328BC700E8EAF2 /* CombinedARContainer.swift */ = {isa = PBXFileReference; lastKnownFileType = sourcecode.swift; path = CombinedARContainer.swift; sourceTree = "<group>"; };
		4CEE14292E328EE900E8EAF2 /* soccerball.usdz */ = {isa = PBXFileReference; lastKnownFileType = file; path = soccerball.usdz; sourceTree = "<group>"; };
		4CEE142B2E329CE500E8EAF2 /* GameCard.swift */ = {isa = PBXFileReference; lastKnownFileType = sourcecode.swift; path = GameCard.swift; sourceTree = "<group>"; };
		4CEE142D2E3632E200E8EAF2 /* PortalTestView.swift */ = {isa = PBXFileReference; lastKnownFileType = sourcecode.swift; path = PortalTestView.swift; sourceTree = "<group>"; };
		4CEE142F2E3632F400E8EAF2 /* PortalARContainer.swift */ = {isa = PBXFileReference; lastKnownFileType = sourcecode.swift; path = PortalARContainer.swift; sourceTree = "<group>"; };
		4CEE143B2E3670A100E8EAF2 /* Portal.usdz */ = {isa = PBXFileReference; lastKnownFileType = file; path = Portal.usdz; sourceTree = "<group>"; };
		4CEE143C2E3670A100E8EAF2 /* PortalWorld.usdz */ = {isa = PBXFileReference; lastKnownFileType = file; path = PortalWorld.usdz; sourceTree = "<group>"; };
		4CEE14432E368A3600E8EAF2 /* skybox1.usdz */ = {isa = PBXFileReference; lastKnownFileType = file; path = skybox1.usdz; sourceTree = "<group>"; };
/* End PBXFileReference section */

/* Begin PBXFrameworksBuildPhase section */
		4C6F79E92E23C80B00369085 /* Frameworks */ = {
			isa = PBXFrameworksBuildPhase;
			buildActionMask = 2147483647;
			files = (
			);
			runOnlyForDeploymentPostprocessing = 0;
		};
/* End PBXFrameworksBuildPhase section */

/* Begin PBXGroup section */
		4C6F79E32E23C80B00369085 = {
			isa = PBXGroup;
			children = (
				4C6F7A2F2E23DBBE00369085 /* KonglishSampleApp */,
				4CEE14392E366CA600E8EAF2 /* Frameworks */,
				4C6F79ED2E23C80B00369085 /* Products */,
			);
			sourceTree = "<group>";
		};
		4C6F79ED2E23C80B00369085 /* Products */ = {
			isa = PBXGroup;
			children = (
				4C6F79EC2E23C80B00369085 /* KonglishSampleApp.app */,
			);
			name = Products;
			sourceTree = "<group>";
		};
		4C6F7A242E23DBBE00369085 /* Preview Content */ = {
			isa = PBXGroup;
			children = (
				4C6F7A232E23DBBE00369085 /* Preview Assets.xcassets */,
			);
			path = "Preview Content";
			sourceTree = "<group>";
		};
		4C6F7A2A2E23DBBE00369085 /* Components */ = {
			isa = PBXGroup;
			children = (
				4CEE14252E328BC700E8EAF2 /* CombinedARContainer.swift */,
				4CEE14172E325A4A00E8EAF2 /* IntegrationARContainer.swift */,
				4CEE141D2E32643800E8EAF2 /* ShootingARContainer.swift */,
				4CEE142F2E3632F400E8EAF2 /* PortalARContainer.swift */,
			);
			path = Components;
			sourceTree = "<group>";
		};
		4C6F7A2B2E23DBBE00369085 /* Views */ = {
			isa = PBXGroup;
			children = (
				4CEE141F2E3272A200E8EAF2 /* CombinedTestView.swift */,
				4CEE14192E325C9500E8EAF2 /* NewTestView.swift */,
				4C6F7A4A2E27D06F00369085 /* IntegrationTestView.swift */,
				4CEE142D2E3632E200E8EAF2 /* PortalTestView.swift */,
				4C6F7A2A2E23DBBE00369085 /* Components */,
			);
			path = Views;
			sourceTree = "<group>";
		};
		4C6F7A2F2E23DBBE00369085 /* KonglishSampleApp */ = {
			isa = PBXGroup;
			children = (
				4CEE14432E368A3600E8EAF2 /* skybox1.usdz */,
				4CEE143B2E3670A100E8EAF2 /* Portal.usdz */,
				4CEE143C2E3670A100E8EAF2 /* PortalWorld.usdz */,
				4CEE14292E328EE900E8EAF2 /* soccerball.usdz */,
				4CEE141B2E325DB000E8EAF2 /* Thonker.glb */,
				4CEE14052E31E65B00E8EAF2 /* Features */,
				4CEE14072E31E65B00E8EAF2 /* Models */,
				4C6F7A2B2E23DBBE00369085 /* Views */,
				4C6F7A2C2E23DBBE00369085 /* Assets.xcassets */,
				4C6F7A2E2E23DBBE00369085 /* KonglishSampleAppApp.swift */,
				4C6F7A2D2E23DBBE00369085 /* ContentView.swift */,
				4C6F7A242E23DBBE00369085 /* Preview Content */,
			);
			path = KonglishSampleApp;
			sourceTree = "<group>";
		};
		4CEE14052E31E65B00E8EAF2 /* Features */ = {
			isa = PBXGroup;
			children = (
				4CEE14032E31E65B00E8EAF2 /* CardDetector.swift */,
				4CEE14042E31E65B00E8EAF2 /* CardRotator.swift */,
			);
			path = Features;
			sourceTree = "<group>";
		};
		4CEE14072E31E65B00E8EAF2 /* Models */ = {
			isa = PBXGroup;
			children = (
				4CEE142B2E329CE500E8EAF2 /* GameCard.swift */,
				4CEE14062E31E65B00E8EAF2 /* CardEntity.swift */,
			);
			path = Models;
			sourceTree = "<group>";
		};
		4CEE14392E366CA600E8EAF2 /* Frameworks */ = {
			isa = PBXGroup;
			children = (
			);
			name = Frameworks;
			sourceTree = "<group>";
		};
/* End PBXGroup section */

/* Begin PBXNativeTarget section */
		4C6F79EB2E23C80B00369085 /* KonglishSampleApp */ = {
			isa = PBXNativeTarget;
			buildConfigurationList = 4C6F79FA2E23C80C00369085 /* Build configuration list for PBXNativeTarget "KonglishSampleApp" */;
			buildPhases = (
				4C6F79E82E23C80B00369085 /* Sources */,
				4C6F79E92E23C80B00369085 /* Frameworks */,
				4C6F79EA2E23C80B00369085 /* Resources */,
			);
			buildRules = (
			);
			dependencies = (
			);
			name = KonglishSampleApp;
			packageProductDependencies = (
			);
			productName = KonglishSampleApp;
			productReference = 4C6F79EC2E23C80B00369085 /* KonglishSampleApp.app */;
			productType = "com.apple.product-type.application";
		};
/* End PBXNativeTarget section */

/* Begin PBXProject section */
		4C6F79E42E23C80B00369085 /* Project object */ = {
			isa = PBXProject;
			attributes = {
				BuildIndependentTargetsInParallel = 1;
				LastSwiftUpdateCheck = 1620;
				LastUpgradeCheck = 1620;
				TargetAttributes = {
					4C6F79EB2E23C80B00369085 = {
						CreatedOnToolsVersion = 16.2;
					};
				};
			};
			buildConfigurationList = 4C6F79E72E23C80B00369085 /* Build configuration list for PBXProject "KonglishSampleApp" */;
			developmentRegion = en;
			hasScannedForEncodings = 0;
			knownRegions = (
				en,
				Base,
			);
			mainGroup = 4C6F79E32E23C80B00369085;
			minimizedProjectReferenceProxies = 1;
			preferredProjectObjectVersion = 77;
			productRefGroup = 4C6F79ED2E23C80B00369085 /* Products */;
			projectDirPath = "";
			projectRoot = "";
			targets = (
				4C6F79EB2E23C80B00369085 /* KonglishSampleApp */,
			);
		};
/* End PBXProject section */

/* Begin PBXResourcesBuildPhase section */
		4C6F79EA2E23C80B00369085 /* Resources */ = {
			isa = PBXResourcesBuildPhase;
			buildActionMask = 2147483647;
			files = (
				4CEE141C2E325DB000E8EAF2 /* Thonker.glb in Resources */,
				4C6F7A302E23DBBE00369085 /* Preview Assets.xcassets in Resources */,
				4C6F7A312E23DBBE00369085 /* Assets.xcassets in Resources */,
				4CEE142A2E328EE900E8EAF2 /* soccerball.usdz in Resources */,
				4CEE14442E368A3600E8EAF2 /* skybox1.usdz in Resources */,
				4CEE143D2E3670A100E8EAF2 /* PortalWorld.usdz in Resources */,
				4CEE143E2E3670A100E8EAF2 /* Portal.usdz in Resources */,
			);
			runOnlyForDeploymentPostprocessing = 0;
		};
/* End PBXResourcesBuildPhase section */

/* Begin PBXSourcesBuildPhase section */
		4C6F79E82E23C80B00369085 /* Sources */ = {
			isa = PBXSourcesBuildPhase;
			buildActionMask = 2147483647;
			files = (
				4CEE14082E31E65B00E8EAF2 /* CardRotator.swift in Sources */,
				4CEE142C2E329CE500E8EAF2 /* GameCard.swift in Sources */,
				4CEE141A2E325C9500E8EAF2 /* NewTestView.swift in Sources */,
				4CEE14182E325A4A00E8EAF2 /* IntegrationARContainer.swift in Sources */,
				4CEE14262E328BC700E8EAF2 /* CombinedARContainer.swift in Sources */,
				4CEE142E2E3632E200E8EAF2 /* PortalTestView.swift in Sources */,
				4CEE14092E31E65B00E8EAF2 /* CardDetector.swift in Sources */,
				4CEE140A2E31E65B00E8EAF2 /* CardEntity.swift in Sources */,
				4CEE14202E3272A200E8EAF2 /* CombinedTestView.swift in Sources */,
				4C6F7A4B2E27D06F00369085 /* IntegrationTestView.swift in Sources */,
				4CEE14302E3632F400E8EAF2 /* PortalARContainer.swift in Sources */,
				4C6F7A322E23DBBE00369085 /* ContentView.swift in Sources */,
				4CEE141E2E32643800E8EAF2 /* ShootingARContainer.swift in Sources */,
				4C6F7A332E23DBBE00369085 /* KonglishSampleAppApp.swift in Sources */,
			);
			runOnlyForDeploymentPostprocessing = 0;
		};
/* End PBXSourcesBuildPhase section */

/* Begin XCBuildConfiguration section */
		4C6F79F82E23C80C00369085 /* Debug */ = {
			isa = XCBuildConfiguration;
			buildSettings = {
				ALWAYS_SEARCH_USER_PATHS = NO;
				ASSETCATALOG_COMPILER_GENERATE_SWIFT_ASSET_SYMBOL_EXTENSIONS = YES;
				CLANG_ANALYZER_NONNULL = YES;
				CLANG_ANALYZER_NUMBER_OBJECT_CONVERSION = YES_AGGRESSIVE;
				CLANG_CXX_LANGUAGE_STANDARD = "gnu++20";
				CLANG_ENABLE_MODULES = YES;
				CLANG_ENABLE_OBJC_ARC = YES;
				CLANG_ENABLE_OBJC_WEAK = YES;
				CLANG_WARN_BLOCK_CAPTURE_AUTORELEASING = YES;
				CLANG_WARN_BOOL_CONVERSION = YES;
				CLANG_WARN_COMMA = YES;
				CLANG_WARN_CONSTANT_CONVERSION = YES;
				CLANG_WARN_DEPRECATED_OBJC_IMPLEMENTATIONS = YES;
				CLANG_WARN_DIRECT_OBJC_ISA_USAGE = YES_ERROR;
				CLANG_WARN_DOCUMENTATION_COMMENTS = YES;
				CLANG_WARN_EMPTY_BODY = YES;
				CLANG_WARN_ENUM_CONVERSION = YES;
				CLANG_WARN_INFINITE_RECURSION = YES;
				CLANG_WARN_INT_CONVERSION = YES;
				CLANG_WARN_NON_LITERAL_NULL_CONVERSION = YES;
				CLANG_WARN_OBJC_IMPLICIT_RETAIN_SELF = YES;
				CLANG_WARN_OBJC_LITERAL_CONVERSION = YES;
				CLANG_WARN_OBJC_ROOT_CLASS = YES_ERROR;
				CLANG_WARN_QUOTED_INCLUDE_IN_FRAMEWORK_HEADER = YES;
				CLANG_WARN_RANGE_LOOP_ANALYSIS = YES;
				CLANG_WARN_STRICT_PROTOTYPES = YES;
				CLANG_WARN_SUSPICIOUS_MOVE = YES;
				CLANG_WARN_UNGUARDED_AVAILABILITY = YES_AGGRESSIVE;
				CLANG_WARN_UNREACHABLE_CODE = YES;
				CLANG_WARN__DUPLICATE_METHOD_MATCH = YES;
				COPY_PHASE_STRIP = NO;
				DEBUG_INFORMATION_FORMAT = dwarf;
				ENABLE_STRICT_OBJC_MSGSEND = YES;
				ENABLE_TESTABILITY = YES;
				ENABLE_USER_SCRIPT_SANDBOXING = YES;
				GCC_C_LANGUAGE_STANDARD = gnu17;
				GCC_DYNAMIC_NO_PIC = NO;
				GCC_NO_COMMON_BLOCKS = YES;
				GCC_OPTIMIZATION_LEVEL = 0;
				GCC_PREPROCESSOR_DEFINITIONS = (
					"DEBUG=1",
					"$(inherited)",
				);
				GCC_WARN_64_TO_32_BIT_CONVERSION = YES;
				GCC_WARN_ABOUT_RETURN_TYPE = YES_ERROR;
				GCC_WARN_UNDECLARED_SELECTOR = YES;
				GCC_WARN_UNINITIALIZED_AUTOS = YES_AGGRESSIVE;
				GCC_WARN_UNUSED_FUNCTION = YES;
				GCC_WARN_UNUSED_VARIABLE = YES;
				IPHONEOS_DEPLOYMENT_TARGET = 18.2;
				LOCALIZATION_PREFERS_STRING_CATALOGS = YES;
				MTL_ENABLE_DEBUG_INFO = INCLUDE_SOURCE;
				MTL_FAST_MATH = YES;
				ONLY_ACTIVE_ARCH = YES;
				SDKROOT = iphoneos;
				SWIFT_ACTIVE_COMPILATION_CONDITIONS = "DEBUG $(inherited)";
				SWIFT_OPTIMIZATION_LEVEL = "-Onone";
			};
			name = Debug;
		};
		4C6F79F92E23C80C00369085 /* Release */ = {
			isa = XCBuildConfiguration;
			buildSettings = {
				ALWAYS_SEARCH_USER_PATHS = NO;
				ASSETCATALOG_COMPILER_GENERATE_SWIFT_ASSET_SYMBOL_EXTENSIONS = YES;
				CLANG_ANALYZER_NONNULL = YES;
				CLANG_ANALYZER_NUMBER_OBJECT_CONVERSION = YES_AGGRESSIVE;
				CLANG_CXX_LANGUAGE_STANDARD = "gnu++20";
				CLANG_ENABLE_MODULES = YES;
				CLANG_ENABLE_OBJC_ARC = YES;
				CLANG_ENABLE_OBJC_WEAK = YES;
				CLANG_WARN_BLOCK_CAPTURE_AUTORELEASING = YES;
				CLANG_WARN_BOOL_CONVERSION = YES;
				CLANG_WARN_COMMA = YES;
				CLANG_WARN_CONSTANT_CONVERSION = YES;
				CLANG_WARN_DEPRECATED_OBJC_IMPLEMENTATIONS = YES;
				CLANG_WARN_DIRECT_OBJC_ISA_USAGE = YES_ERROR;
				CLANG_WARN_DOCUMENTATION_COMMENTS = YES;
				CLANG_WARN_EMPTY_BODY = YES;
				CLANG_WARN_ENUM_CONVERSION = YES;
				CLANG_WARN_INFINITE_RECURSION = YES;
				CLANG_WARN_INT_CONVERSION = YES;
				CLANG_WARN_NON_LITERAL_NULL_CONVERSION = YES;
				CLANG_WARN_OBJC_IMPLICIT_RETAIN_SELF = YES;
				CLANG_WARN_OBJC_LITERAL_CONVERSION = YES;
				CLANG_WARN_OBJC_ROOT_CLASS = YES_ERROR;
				CLANG_WARN_QUOTED_INCLUDE_IN_FRAMEWORK_HEADER = YES;
				CLANG_WARN_RANGE_LOOP_ANALYSIS = YES;
				CLANG_WARN_STRICT_PROTOTYPES = YES;
				CLANG_WARN_SUSPICIOUS_MOVE = YES;
				CLANG_WARN_UNGUARDED_AVAILABILITY = YES_AGGRESSIVE;
				CLANG_WARN_UNREACHABLE_CODE = YES;
				CLANG_WARN__DUPLICATE_METHOD_MATCH = YES;
				COPY_PHASE_STRIP = NO;
				DEBUG_INFORMATION_FORMAT = "dwarf-with-dsym";
				ENABLE_NS_ASSERTIONS = NO;
				ENABLE_STRICT_OBJC_MSGSEND = YES;
				ENABLE_USER_SCRIPT_SANDBOXING = YES;
				GCC_C_LANGUAGE_STANDARD = gnu17;
				GCC_NO_COMMON_BLOCKS = YES;
				GCC_WARN_64_TO_32_BIT_CONVERSION = YES;
				GCC_WARN_ABOUT_RETURN_TYPE = YES_ERROR;
				GCC_WARN_UNDECLARED_SELECTOR = YES;
				GCC_WARN_UNINITIALIZED_AUTOS = YES_AGGRESSIVE;
				GCC_WARN_UNUSED_FUNCTION = YES;
				GCC_WARN_UNUSED_VARIABLE = YES;
				IPHONEOS_DEPLOYMENT_TARGET = 18.2;
				LOCALIZATION_PREFERS_STRING_CATALOGS = YES;
				MTL_ENABLE_DEBUG_INFO = NO;
				MTL_FAST_MATH = YES;
				SDKROOT = iphoneos;
				SWIFT_COMPILATION_MODE = wholemodule;
				VALIDATE_PRODUCT = YES;
			};
			name = Release;
		};
		4C6F79FB2E23C80C00369085 /* Debug */ = {
			isa = XCBuildConfiguration;
			buildSettings = {
				ASSETCATALOG_COMPILER_APPICON_NAME = AppIcon;
				ASSETCATALOG_COMPILER_GLOBAL_ACCENT_COLOR_NAME = AccentColor;
				CODE_SIGN_STYLE = Automatic;
				CURRENT_PROJECT_VERSION = 1;
				DEVELOPMENT_ASSET_PATHS = "\"KonglishSampleApp/Preview Content\"";
				DEVELOPMENT_TEAM = 5M5VM39FM9;
				ENABLE_PREVIEWS = YES;
				GENERATE_INFOPLIST_FILE = YES;
				HEADER_SEARCH_PATHS = "";
				INFOPLIST_KEY_NSCameraUsageDescription = "AR 영어 학습을 위해 카메라가 필요합니다.";
				INFOPLIST_KEY_NSMicrophoneUsageDescription = "발음 학습을 위해 마이크가 필요합니다.";
				INFOPLIST_KEY_UIApplicationSceneManifest_Generation = YES;
				INFOPLIST_KEY_UIApplicationSupportsIndirectInputEvents = YES;
				INFOPLIST_KEY_UILaunchScreen_Generation = YES;
				INFOPLIST_KEY_UIRequiredDeviceCapabilities = arkit;
				INFOPLIST_KEY_UIRequiresFullScreen = YES;
				INFOPLIST_KEY_UISupportedInterfaceOrientations_iPad = "UIInterfaceOrientationLandscapeLeft UIInterfaceOrientationLandscapeRight";
				LD_RUNPATH_SEARCH_PATHS = (
					"$(inherited)",
					"@executable_path/Frameworks",
				);
				MARKETING_VERSION = 1.0;
				PRODUCT_BUNDLE_IDENTIFIER = gil.KonglishSampleApp;
				PRODUCT_NAME = "$(TARGET_NAME)";
				SWIFT_EMIT_LOC_STRINGS = YES;
				SWIFT_VERSION = 5.0;
				TARGETED_DEVICE_FAMILY = 2;
			};
			name = Debug;
		};
		4C6F79FC2E23C80C00369085 /* Release */ = {
			isa = XCBuildConfiguration;
			buildSettings = {
				ASSETCATALOG_COMPILER_APPICON_NAME = AppIcon;
				ASSETCATALOG_COMPILER_GLOBAL_ACCENT_COLOR_NAME = AccentColor;
				CODE_SIGN_STYLE = Automatic;
				CURRENT_PROJECT_VERSION = 1;
				DEVELOPMENT_ASSET_PATHS = "\"KonglishSampleApp/Preview Content\"";
				DEVELOPMENT_TEAM = 5M5VM39FM9;
				ENABLE_PREVIEWS = YES;
				GENERATE_INFOPLIST_FILE = YES;
				HEADER_SEARCH_PATHS = "";
				INFOPLIST_KEY_NSCameraUsageDescription = "AR 영어 학습을 위해 카메라가 필요합니다.";
				INFOPLIST_KEY_NSMicrophoneUsageDescription = "발음 학습을 위해 마이크가 필요합니다.";
				INFOPLIST_KEY_UIApplicationSceneManifest_Generation = YES;
				INFOPLIST_KEY_UIApplicationSupportsIndirectInputEvents = YES;
				INFOPLIST_KEY_UILaunchScreen_Generation = YES;
				INFOPLIST_KEY_UIRequiredDeviceCapabilities = arkit;
				INFOPLIST_KEY_UIRequiresFullScreen = YES;
				INFOPLIST_KEY_UISupportedInterfaceOrientations_iPad = "UIInterfaceOrientationLandscapeLeft UIInterfaceOrientationLandscapeRight";
				LD_RUNPATH_SEARCH_PATHS = (
					"$(inherited)",
					"@executable_path/Frameworks",
				);
				MARKETING_VERSION = 1.0;
				PRODUCT_BUNDLE_IDENTIFIER = gil.KonglishSampleApp;
				PRODUCT_NAME = "$(TARGET_NAME)";
				SWIFT_EMIT_LOC_STRINGS = YES;
				SWIFT_VERSION = 5.0;
				TARGETED_DEVICE_FAMILY = 2;
			};
			name = Release;
		};
/* End XCBuildConfiguration section */

/* Begin XCConfigurationList section */
		4C6F79E72E23C80B00369085 /* Build configuration list for PBXProject "KonglishSampleApp" */ = {
			isa = XCConfigurationList;
			buildConfigurations = (
				4C6F79F82E23C80C00369085 /* Debug */,
				4C6F79F92E23C80C00369085 /* Release */,
			);
			defaultConfigurationIsVisible = 0;
			defaultConfigurationName = Release;
		};
		4C6F79FA2E23C80C00369085 /* Build configuration list for PBXNativeTarget "KonglishSampleApp" */ = {
			isa = XCConfigurationList;
			buildConfigurations = (
				4C6F79FB2E23C80C00369085 /* Debug */,
				4C6F79FC2E23C80C00369085 /* Release */,
			);
			defaultConfigurationIsVisible = 0;
			defaultConfigurationName = Release;
		};
/* End XCConfigurationList section */
	};
	rootObject = 4C6F79E42E23C80B00369085 /* Project object */;
}
